// !$*UTF8*$!
{
	archiveVersion = 1;
	classes = {
	};
	objectVersion = 50;
	objects = {

/* Begin PBXBuildFile section */
		37382AF825F83870002A0700 /* AppDelegate.swift in Sources */ = {isa = PBXBuildFile; fileRef = 37382AF725F83870002A0700 /* AppDelegate.swift */; };
		37382AFA25F83870002A0700 /* SceneDelegate.swift in Sources */ = {isa = PBXBuildFile; fileRef = 37382AF925F83870002A0700 /* SceneDelegate.swift */; };
		37382AFC25F83870002A0700 /* ViewController.swift in Sources */ = {isa = PBXBuildFile; fileRef = 37382AFB25F83870002A0700 /* ViewController.swift */; };
		37382AFF25F83870002A0700 /* Main.storyboard in Resources */ = {isa = PBXBuildFile; fileRef = 37382AFD25F83870002A0700 /* Main.storyboard */; };
		37382B0125F83871002A0700 /* Assets.xcassets in Resources */ = {isa = PBXBuildFile; fileRef = 37382B0025F83871002A0700 /* Assets.xcassets */; };
		37382B0425F83871002A0700 /* LaunchScreen.storyboard in Resources */ = {isa = PBXBuildFile; fileRef = 37382B0225F83871002A0700 /* LaunchScreen.storyboard */; };
		37382B0F25F83872002A0700 /* Password_GeneratorTests.swift in Sources */ = {isa = PBXBuildFile; fileRef = 37382B0E25F83872002A0700 /* Password_GeneratorTests.swift */; };
		37382B1A25F83872002A0700 /* Password_GeneratorUITests.swift in Sources */ = {isa = PBXBuildFile; fileRef = 37382B1925F83872002A0700 /* Password_GeneratorUITests.swift */; };
/* End PBXBuildFile section */

/* Begin PBXContainerItemProxy section */
		37382B0B25F83872002A0700 /* PBXContainerItemProxy */ = {
			isa = PBXContainerItemProxy;
			containerPortal = 37382AEC25F83870002A0700 /* Project object */;
			proxyType = 1;
			remoteGlobalIDString = 37382AF325F83870002A0700;
			remoteInfo = "Password Generator";
		};
		37382B1625F83872002A0700 /* PBXContainerItemProxy */ = {
			isa = PBXContainerItemProxy;
			containerPortal = 37382AEC25F83870002A0700 /* Project object */;
			proxyType = 1;
			remoteGlobalIDString = 37382AF325F83870002A0700;
			remoteInfo = "Password Generator";
		};
/* End PBXContainerItemProxy section */

/* Begin PBXFileReference section */
		37382AF425F83870002A0700 /* Password Generator.app */ = {isa = PBXFileReference; explicitFileType = wrapper.application; includeInIndex = 0; path = "Password Generator.app"; sourceTree = BUILT_PRODUCTS_DIR; };
		37382AF725F83870002A0700 /* AppDelegate.swift */ = {isa = PBXFileReference; lastKnownFileType = sourcecode.swift; path = AppDelegate.swift; sourceTree = "<group>"; };
		37382AF925F83870002A0700 /* SceneDelegate.swift */ = {isa = PBXFileReference; lastKnownFileType = sourcecode.swift; path = SceneDelegate.swift; sourceTree = "<group>"; };
		37382AFB25F83870002A0700 /* ViewController.swift */ = {isa = PBXFileReference; lastKnownFileType = sourcecode.swift; path = ViewController.swift; sourceTree = "<group>"; };
		37382AFE25F83870002A0700 /* Base */ = {isa = PBXFileReference; lastKnownFileType = file.storyboard; name = Base; path = Base.lproj/Main.storyboard; sourceTree = "<group>"; };
		37382B0025F83871002A0700 /* Assets.xcassets */ = {isa = PBXFileReference; lastKnownFileType = folder.assetcatalog; path = Assets.xcassets; sourceTree = "<group>"; };
		37382B0325F83871002A0700 /* Base */ = {isa = PBXFileReference; lastKnownFileType = file.storyboard; name = Base; path = Base.lproj/LaunchScreen.storyboard; sourceTree = "<group>"; };
		37382B0525F83871002A0700 /* Info.plist */ = {isa = PBXFileReference; lastKnownFileType = text.plist.xml; path = Info.plist; sourceTree = "<group>"; };
		37382B0A25F83872002A0700 /* Password GeneratorTests.xctest */ = {isa = PBXFileReference; explicitFileType = wrapper.cfbundle; includeInIndex = 0; path = "Password GeneratorTests.xctest"; sourceTree = BUILT_PRODUCTS_DIR; };
		37382B0E25F83872002A0700 /* Password_GeneratorTests.swift */ = {isa = PBXFileReference; lastKnownFileType = sourcecode.swift; path = Password_GeneratorTests.swift; sourceTree = "<group>"; };
		37382B1025F83872002A0700 /* Info.plist */ = {isa = PBXFileReference; lastKnownFileType = text.plist.xml; path = Info.plist; sourceTree = "<group>"; };
		37382B1525F83872002A0700 /* Password GeneratorUITests.xctest */ = {isa = PBXFileReference; explicitFileType = wrapper.cfbundle; includeInIndex = 0; path = "Password GeneratorUITests.xctest"; sourceTree = BUILT_PRODUCTS_DIR; };
		37382B1925F83872002A0700 /* Password_GeneratorUITests.swift */ = {isa = PBXFileReference; lastKnownFileType = sourcecode.swift; path = Password_GeneratorUITests.swift; sourceTree = "<group>"; };
		37382B1B25F83872002A0700 /* Info.plist */ = {isa = PBXFileReference; lastKnownFileType = text.plist.xml; path = Info.plist; sourceTree = "<group>"; };
/* End PBXFileReference section */

/* Begin PBXFrameworksBuildPhase section */
		37382AF125F83870002A0700 /* Frameworks */ = {
			isa = PBXFrameworksBuildPhase;
			buildActionMask = 2147483647;
			files = (
			);
			runOnlyForDeploymentPostprocessing = 0;
		};
		37382B0725F83872002A0700 /* Frameworks */ = {
			isa = PBXFrameworksBuildPhase;
			buildActionMask = 2147483647;
			files = (
			);
			runOnlyForDeploymentPostprocessing = 0;
		};
		37382B1225F83872002A0700 /* Frameworks */ = {
			isa = PBXFrameworksBuildPhase;
			buildActionMask = 2147483647;
			files = (
			);
			runOnlyForDeploymentPostprocessing = 0;
		};
/* End PBXFrameworksBuildPhase section */

/* Begin PBXGroup section */
		37382AEB25F83870002A0700 = {
			isa = PBXGroup;
			children = (
				37382AF625F83870002A0700 /* Password Generator */,
				37382B0D25F83872002A0700 /* Password GeneratorTests */,
				37382B1825F83872002A0700 /* Password GeneratorUITests */,
				37382AF525F83870002A0700 /* Products */,
			);
			sourceTree = "<group>";
		};
		37382AF525F83870002A0700 /* Products */ = {
			isa = PBXGroup;
			children = (
				37382AF425F83870002A0700 /* Password Generator.app */,
				37382B0A25F83872002A0700 /* Password GeneratorTests.xctest */,
				37382B1525F83872002A0700 /* Password GeneratorUITests.xctest */,
			);
			name = Products;
			sourceTree = "<group>";
		};
		37382AF625F83870002A0700 /* Password Generator */ = {
			isa = PBXGroup;
			children = (
				37382AF725F83870002A0700 /* AppDelegate.swift */,
				37382AF925F83870002A0700 /* SceneDelegate.swift */,
				37382AFB25F83870002A0700 /* ViewController.swift */,
				37382AFD25F83870002A0700 /* Main.storyboard */,
				37382B0025F83871002A0700 /* Assets.xcassets */,
				37382B0225F83871002A0700 /* LaunchScreen.storyboard */,
				37382B0525F83871002A0700 /* Info.plist */,
			);
			path = "Password Generator";
			sourceTree = "<group>";
		};
		37382B0D25F83872002A0700 /* Password GeneratorTests */ = {
			isa = PBXGroup;
			children = (
				37382B0E25F83872002A0700 /* Password_GeneratorTests.swift */,
				37382B1025F83872002A0700 /* Info.plist */,
			);
			path = "Password GeneratorTests";
			sourceTree = "<group>";
		};
		37382B1825F83872002A0700 /* Password GeneratorUITests */ = {
			isa = PBXGroup;
			children = (
				37382B1925F83872002A0700 /* Password_GeneratorUITests.swift */,
				37382B1B25F83872002A0700 /* Info.plist */,
			);
			path = "Password GeneratorUITests";
			sourceTree = "<group>";
		};
/* End PBXGroup section */

/* Begin PBXNativeTarget section */
		37382AF325F83870002A0700 /* Password Generator */ = {
			isa = PBXNativeTarget;
			buildConfigurationList = 37382B1E25F83872002A0700 /* Build configuration list for PBXNativeTarget "Password Generator" */;
			buildPhases = (
				37382AF025F83870002A0700 /* Sources */,
				37382AF125F83870002A0700 /* Frameworks */,
				37382AF225F83870002A0700 /* Resources */,
			);
			buildRules = (
			);
			dependencies = (
			);
			name = "Password Generator";
			productName = "Password Generator";
			productReference = 37382AF425F83870002A0700 /* Password Generator.app */;
			productType = "com.apple.product-type.application";
		};
		37382B0925F83872002A0700 /* Password GeneratorTests */ = {
			isa = PBXNativeTarget;
			buildConfigurationList = 37382B2125F83872002A0700 /* Build configuration list for PBXNativeTarget "Password GeneratorTests" */;
			buildPhases = (
				37382B0625F83872002A0700 /* Sources */,
				37382B0725F83872002A0700 /* Frameworks */,
				37382B0825F83872002A0700 /* Resources */,
			);
			buildRules = (
			);
			dependencies = (
				37382B0C25F83872002A0700 /* PBXTargetDependency */,
			);
			name = "Password GeneratorTests";
			productName = "Password GeneratorTests";
			productReference = 37382B0A25F83872002A0700 /* Password GeneratorTests.xctest */;
			productType = "com.apple.product-type.bundle.unit-test";
		};
		37382B1425F83872002A0700 /* Password GeneratorUITests */ = {
			isa = PBXNativeTarget;
			buildConfigurationList = 37382B2425F83872002A0700 /* Build configuration list for PBXNativeTarget "Password GeneratorUITests" */;
			buildPhases = (
				37382B1125F83872002A0700 /* Sources */,
				37382B1225F83872002A0700 /* Frameworks */,
				37382B1325F83872002A0700 /* Resources */,
			);
			buildRules = (
			);
			dependencies = (
				37382B1725F83872002A0700 /* PBXTargetDependency */,
			);
			name = "Password GeneratorUITests";
			productName = "Password GeneratorUITests";
			productReference = 37382B1525F83872002A0700 /* Password GeneratorUITests.xctest */;
			productType = "com.apple.product-type.bundle.ui-testing";
		};
/* End PBXNativeTarget section */

/* Begin PBXProject section */
		37382AEC25F83870002A0700 /* Project object */ = {
			isa = PBXProject;
			attributes = {
				LastSwiftUpdateCheck = 1240;
				LastUpgradeCheck = 1240;
				TargetAttributes = {
					37382AF325F83870002A0700 = {
						CreatedOnToolsVersion = 12.4;
					};
					37382B0925F83872002A0700 = {
						CreatedOnToolsVersion = 12.4;
						TestTargetID = 37382AF325F83870002A0700;
					};
					37382B1425F83872002A0700 = {
						CreatedOnToolsVersion = 12.4;
						TestTargetID = 37382AF325F83870002A0700;
					};
				};
			};
			buildConfigurationList = 37382AEF25F83870002A0700 /* Build configuration list for PBXProject "Password Generator" */;
			compatibilityVersion = "Xcode 9.3";
			developmentRegion = en;
			hasScannedForEncodings = 0;
			knownRegions = (
				en,
				Base,
			);
			mainGroup = 37382AEB25F83870002A0700;
			productRefGroup = 37382AF525F83870002A0700 /* Products */;
			projectDirPath = "";
			projectRoot = "";
			targets = (
				37382AF325F83870002A0700 /* Password Generator */,
				37382B0925F83872002A0700 /* Password GeneratorTests */,
				37382B1425F83872002A0700 /* Password GeneratorUITests */,
			);
		};
/* End PBXProject section */

/* Begin PBXResourcesBuildPhase section */
		37382AF225F83870002A0700 /* Resources */ = {
			isa = PBXResourcesBuildPhase;
			buildActionMask = 2147483647;
			files = (
				37382B0425F83871002A0700 /* LaunchScreen.storyboard in Resources */,
				37382B0125F83871002A0700 /* Assets.xcassets in Resources */,
				37382AFF25F83870002A0700 /* Main.storyboard in Resources */,
			);
			runOnlyForDeploymentPostprocessing = 0;
		};
		37382B0825F83872002A0700 /* Resources */ = {
			isa = PBXResourcesBuildPhase;
			buildActionMask = 2147483647;
			files = (
			);
			runOnlyForDeploymentPostprocessing = 0;
		};
		37382B1325F83872002A0700 /* Resources */ = {
			isa = PBXResourcesBuildPhase;
			buildActionMask = 2147483647;
			files = (
			);
			runOnlyForDeploymentPostprocessing = 0;
		};
/* End PBXResourcesBuildPhase section */

/* Begin PBXSourcesBuildPhase section */
		37382AF025F83870002A0700 /* Sources */ = {
			isa = PBXSourcesBuildPhase;
			buildActionMask = 2147483647;
			files = (
				37382AFC25F83870002A0700 /* ViewController.swift in Sources */,
				37382AF825F83870002A0700 /* AppDelegate.swift in Sources */,
				37382AFA25F83870002A0700 /* SceneDelegate.swift in Sources */,
			);
			runOnlyForDeploymentPostprocessing = 0;
		};
		37382B0625F83872002A0700 /* Sources */ = {
			isa = PBXSourcesBuildPhase;
			buildActionMask = 2147483647;
			files = (
				37382B0F25F83872002A0700 /* Password_GeneratorTests.swift in Sources */,
			);
			runOnlyForDeploymentPostprocessing = 0;
		};
		37382B1125F83872002A0700 /* Sources */ = {
			isa = PBXSourcesBuildPhase;
			buildActionMask = 2147483647;
			files = (
				37382B1A25F83872002A0700 /* Password_GeneratorUITests.swift in Sources */,
			);
			runOnlyForDeploymentPostprocessing = 0;
		};
/* End PBXSourcesBuildPhase section */

/* Begin PBXTargetDependency section */
		37382B0C25F83872002A0700 /* PBXTargetDependency */ = {
			isa = PBXTargetDependency;
			target = 37382AF325F83870002A0700 /* Password Generator */;
			targetProxy = 37382B0B25F83872002A0700 /* PBXContainerItemProxy */;
		};
		37382B1725F83872002A0700 /* PBXTargetDependency */ = {
			isa = PBXTargetDependency;
			target = 37382AF325F83870002A0700 /* Password Generator */;
			targetProxy = 37382B1625F83872002A0700 /* PBXContainerItemProxy */;
		};
/* End PBXTargetDependency section */

/* Begin PBXVariantGroup section */
		37382AFD25F83870002A0700 /* Main.storyboard */ = {
			isa = PBXVariantGroup;
			children = (
				37382AFE25F83870002A0700 /* Base */,
			);
			name = Main.storyboard;
			sourceTree = "<group>";
		};
		37382B0225F83871002A0700 /* LaunchScreen.storyboard */ = {
			isa = PBXVariantGroup;
			children = (
				37382B0325F83871002A0700 /* Base */,
			);
			name = LaunchScreen.storyboard;
			sourceTree = "<group>";
		};
/* End PBXVariantGroup section */

/* Begin XCBuildConfiguration section */
		37382B1C25F83872002A0700 /* Debug */ = {
			isa = XCBuildConfiguration;
			buildSettings = {
				ALWAYS_SEARCH_USER_PATHS = NO;
				CLANG_ANALYZER_NONNULL = YES;
				CLANG_ANALYZER_NUMBER_OBJECT_CONVERSION = YES_AGGRESSIVE;
				CLANG_CXX_LANGUAGE_STANDARD = "gnu++14";
				CLANG_CXX_LIBRARY = "libc++";
				CLANG_ENABLE_MODULES = YES;
				CLANG_ENABLE_OBJC_ARC = YES;
				CLANG_ENABLE_OBJC_WEAK = YES;
				CLANG_WARN_BLOCK_CAPTURE_AUTORELEASING = YES;
				CLANG_WARN_BOOL_CONVERSION = YES;
				CLANG_WARN_COMMA = YES;
				CLANG_WARN_CONSTANT_CONVERSION = YES;
				CLANG_WARN_DEPRECATED_OBJC_IMPLEMENTATIONS = YES;
				CLANG_WARN_DIRECT_OBJC_ISA_USAGE = YES_ERROR;
				CLANG_WARN_DOCUMENTATION_COMMENTS = YES;
				CLANG_WARN_EMPTY_BODY = YES;
				CLANG_WARN_ENUM_CONVERSION = YES;
				CLANG_WARN_INFINITE_RECURSION = YES;
				CLANG_WARN_INT_CONVERSION = YES;
				CLANG_WARN_NON_LITERAL_NULL_CONVERSION = YES;
				CLANG_WARN_OBJC_IMPLICIT_RETAIN_SELF = YES;
				CLANG_WARN_OBJC_LITERAL_CONVERSION = YES;
				CLANG_WARN_OBJC_ROOT_CLASS = YES_ERROR;
				CLANG_WARN_QUOTED_INCLUDE_IN_FRAMEWORK_HEADER = YES;
				CLANG_WARN_RANGE_LOOP_ANALYSIS = YES;
				CLANG_WARN_STRICT_PROTOTYPES = YES;
				CLANG_WARN_SUSPICIOUS_MOVE = YES;
				CLANG_WARN_UNGUARDED_AVAILABILITY = YES_AGGRESSIVE;
				CLANG_WARN_UNREACHABLE_CODE = YES;
				CLANG_WARN__DUPLICATE_METHOD_MATCH = YES;
				COPY_PHASE_STRIP = NO;
				DEBUG_INFORMATION_FORMAT = dwarf;
				ENABLE_STRICT_OBJC_MSGSEND = YES;
				ENABLE_TESTABILITY = YES;
				GCC_C_LANGUAGE_STANDARD = gnu11;
				GCC_DYNAMIC_NO_PIC = NO;
				GCC_NO_COMMON_BLOCKS = YES;
				GCC_OPTIMIZATION_LEVEL = 0;
				GCC_PREPROCESSOR_DEFINITIONS = (
					"DEBUG=1",
					"$(inherited)",
				);
				GCC_WARN_64_TO_32_BIT_CONVERSION = YES;
				GCC_WARN_ABOUT_RETURN_TYPE = YES_ERROR;
				GCC_WARN_UNDECLARED_SELECTOR = YES;
				GCC_WARN_UNINITIALIZED_AUTOS = YES_AGGRESSIVE;
				GCC_WARN_UNUSED_FUNCTION = YES;
				GCC_WARN_UNUSED_VARIABLE = YES;
				IPHONEOS_DEPLOYMENT_TARGET = 14.4;
				MTL_ENABLE_DEBUG_INFO = INCLUDE_SOURCE;
				MTL_FAST_MATH = YES;
				ONLY_ACTIVE_ARCH = YES;
				SDKROOT = iphoneos;
				SWIFT_ACTIVE_COMPILATION_CONDITIONS = DEBUG;
				SWIFT_OPTIMIZATION_LEVEL = "-Onone";
			};
			name = Debug;
		};
		37382B1D25F83872002A0700 /* Release */ = {
			isa = XCBuildConfiguration;
			buildSettings = {
				ALWAYS_SEARCH_USER_PATHS = NO;
				CLANG_ANALYZER_NONNULL = YES;
				CLANG_ANALYZER_NUMBER_OBJECT_CONVERSION = YES_AGGRESSIVE;
				CLANG_CXX_LANGUAGE_STANDARD = "gnu++14";
				CLANG_CXX_LIBRARY = "libc++";
				CLANG_ENABLE_MODULES = YES;
				CLANG_ENABLE_OBJC_ARC = YES;
				CLANG_ENABLE_OBJC_WEAK = YES;
				CLANG_WARN_BLOCK_CAPTURE_AUTORELEASING = YES;
				CLANG_WARN_BOOL_CONVERSION = YES;
				CLANG_WARN_COMMA = YES;
				CLANG_WARN_CONSTANT_CONVERSION = YES;
				CLANG_WARN_DEPRECATED_OBJC_IMPLEMENTATIONS = YES;
				CLANG_WARN_DIRECT_OBJC_ISA_USAGE = YES_ERROR;
				CLANG_WARN_DOCUMENTATION_COMMENTS = YES;
				CLANG_WARN_EMPTY_BODY = YES;
				CLANG_WARN_ENUM_CONVERSION = YES;
				CLANG_WARN_INFINITE_RECURSION = YES;
				CLANG_WARN_INT_CONVERSION = YES;
				CLANG_WARN_NON_LITERAL_NULL_CONVERSION = YES;
				CLANG_WARN_OBJC_IMPLICIT_RETAIN_SELF = YES;
				CLANG_WARN_OBJC_LITERAL_CONVERSION = YES;
				CLANG_WARN_OBJC_ROOT_CLASS = YES_ERROR;
				CLANG_WARN_QUOTED_INCLUDE_IN_FRAMEWORK_HEADER = YES;
				CLANG_WARN_RANGE_LOOP_ANALYSIS = YES;
				CLANG_WARN_STRICT_PROTOTYPES = YES;
				CLANG_WARN_SUSPICIOUS_MOVE = YES;
				CLANG_WARN_UNGUARDED_AVAILABILITY = YES_AGGRESSIVE;
				CLANG_WARN_UNREACHABLE_CODE = YES;
				CLANG_WARN__DUPLICATE_METHOD_MATCH = YES;
				COPY_PHASE_STRIP = NO;
				DEBUG_INFORMATION_FORMAT = "dwarf-with-dsym";
				ENABLE_NS_ASSERTIONS = NO;
				ENABLE_STRICT_OBJC_MSGSEND = YES;
				GCC_C_LANGUAGE_STANDARD = gnu11;
				GCC_NO_COMMON_BLOCKS = YES;
				GCC_WARN_64_TO_32_BIT_CONVERSION = YES;
				GCC_WARN_ABOUT_RETURN_TYPE = YES_ERROR;
				GCC_WARN_UNDECLARED_SELECTOR = YES;
				GCC_WARN_UNINITIALIZED_AUTOS = YES_AGGRESSIVE;
				GCC_WARN_UNUSED_FUNCTION = YES;
				GCC_WARN_UNUSED_VARIABLE = YES;
				IPHONEOS_DEPLOYMENT_TARGET = 14.4;
				MTL_ENABLE_DEBUG_INFO = NO;
				MTL_FAST_MATH = YES;
				SDKROOT = iphoneos;
				SWIFT_COMPILATION_MODE = wholemodule;
				SWIFT_OPTIMIZATION_LEVEL = "-O";
				VALIDATE_PRODUCT = YES;
			};
			name = Release;
		};
		37382B1F25F83872002A0700 /* Debug */ = {
			isa = XCBuildConfiguration;
			buildSettings = {
				ASSETCATALOG_COMPILER_APPICON_NAME = AppIcon;
				ASSETCATALOG_COMPILER_GLOBAL_ACCENT_COLOR_NAME = AccentColor;
				CODE_SIGN_STYLE = Automatic;
				INFOPLIST_FILE = "Password Generator/Info.plist";
				LD_RUNPATH_SEARCH_PATHS = (
					"$(inherited)",
					"@executable_path/Frameworks",
				);
				PRODUCT_BUNDLE_IDENTIFIER = "Daniel-Moffett.Password-Generator";
				PRODUCT_NAME = "$(TARGET_NAME)";
				SWIFT_VERSION = 5.0;
				TARGETED_DEVICE_FAMILY = "1,2";
			};
			name = Debug;
		};
		37382B2025F83872002A0700 /* Release */ = {
			isa = XCBuildConfiguration;
			buildSettings = {
				ASSETCATALOG_COMPILER_APPICON_NAME = AppIcon;
				ASSETCATALOG_COMPILER_GLOBAL_ACCENT_COLOR_NAME = AccentColor;
				CODE_SIGN_STYLE = Automatic;
				INFOPLIST_FILE = "Password Generator/Info.plist";
				LD_RUNPATH_SEARCH_PATHS = (
					"$(inherited)",
					"@executable_path/Frameworks",
				);
				PRODUCT_BUNDLE_IDENTIFIER = "Daniel-Moffett.Password-Generator";
				PRODUCT_NAME = "$(TARGET_NAME)";
				SWIFT_VERSION = 5.0;
				TARGETED_DEVICE_FAMILY = "1,2";
			};
			name = Release;
		};
		37382B2225F83872002A0700 /* Debug */ = {
			isa = XCBuildConfiguration;
			buildSettings = {
				ALWAYS_EMBED_SWIFT_STANDARD_LIBRARIES = YES;
				BUNDLE_LOADER = "$(TEST_HOST)";
				CODE_SIGN_STYLE = Automatic;
				INFOPLIST_FILE = "Password GeneratorTests/Info.plist";
				IPHONEOS_DEPLOYMENT_TARGET = 14.4;
				LD_RUNPATH_SEARCH_PATHS = (
					"$(inherited)",
					"@executable_path/Frameworks",
					"@loader_path/Frameworks",
				);
				PRODUCT_BUNDLE_IDENTIFIER = "Daniel-Moffett.Password-GeneratorTests";
				PRODUCT_NAME = "$(TARGET_NAME)";
				SWIFT_VERSION = 5.0;
				TARGETED_DEVICE_FAMILY = "1,2";
				TEST_HOST = "$(BUILT_PRODUCTS_DIR)/Password Generator.app/Password Generator";
			};
			name = Debug;
		};
		37382B2325F83872002A0700 /* Release */ = {
			isa = XCBuildConfiguration;
			buildSettings = {
				ALWAYS_EMBED_SWIFT_STANDARD_LIBRARIES = YES;
				BUNDLE_LOADER = "$(TEST_HOST)";
				CODE_SIGN_STYLE = Automatic;
				INFOPLIST_FILE = "Password GeneratorTests/Info.plist";
				IPHONEOS_DEPLOYMENT_TARGET = 14.4;
				LD_RUNPATH_SEARCH_PATHS = (
					"$(inherited)",
					"@executable_path/Frameworks",
					"@loader_path/Frameworks",
				);
				PRODUCT_BUNDLE_IDENTIFIER = "Daniel-Moffett.Password-GeneratorTests";
				PRODUCT_NAME = "$(TARGET_NAME)";
				SWIFT_VERSION = 5.0;
				TARGETED_DEVICE_FAMILY = "1,2";
				TEST_HOST = "$(BUILT_PRODUCTS_DIR)/Password Generator.app/Password Generator";
			};
			name = Release;
		};
		37382B2525F83872002A0700 /* Debug */ = {
			isa = XCBuildConfiguration;
			buildSettings = {
				ALWAYS_EMBED_SWIFT_STANDARD_LIBRARIES = YES;
				CODE_SIGN_STYLE = Automatic;
				INFOPLIST_FILE = "Password GeneratorUITests/Info.plist";
				LD_RUNPATH_SEARCH_PATHS = (
					"$(inherited)",
					"@executable_path/Frameworks",
					"@loader_path/Frameworks",
				);
				PRODUCT_BUNDLE_IDENTIFIER = "Daniel-Moffett.Password-GeneratorUITests";
				PRODUCT_NAME = "$(TARGET_NAME)";
				SWIFT_VERSION = 5.0;
				TARGETED_DEVICE_FAMILY = "1,2";
				TEST_TARGET_NAME = "Password Generator";
			};
			name = Debug;
		};
		37382B2625F83872002A0700 /* Release */ = {
			isa = XCBuildConfiguration;
			buildSettings = {
				ALWAYS_EMBED_SWIFT_STANDARD_LIBRARIES = YES;
				CODE_SIGN_STYLE = Automatic;
				INFOPLIST_FILE = "Password GeneratorUITests/Info.plist";
				LD_RUNPATH_SEARCH_PATHS = (
					"$(inherited)",
					"@executable_path/Frameworks",
					"@loader_path/Frameworks",
				);
				PRODUCT_BUNDLE_IDENTIFIER = "Daniel-Moffett.Password-GeneratorUITests";
				PRODUCT_NAME = "$(TARGET_NAME)";
				SWIFT_VERSION = 5.0;
				TARGETED_DEVICE_FAMILY = "1,2";
				TEST_TARGET_NAME = "Password Generator";
			};
			name = Release;
		};
/* End XCBuildConfiguration section */

/* Begin XCConfigurationList section */
		37382AEF25F83870002A0700 /* Build configuration list for PBXProject "Password Generator" */ = {
			isa = XCConfigurationList;
			buildConfigurations = (
				37382B1C25F83872002A0700 /* Debug */,
				37382B1D25F83872002A0700 /* Release */,
			);
			defaultConfigurationIsVisible = 0;
			defaultConfigurationName = Release;
		};
		37382B1E25F83872002A0700 /* Build configuration list for PBXNativeTarget "Password Generator" */ = {
			isa = XCConfigurationList;
			buildConfigurations = (
				37382B1F25F83872002A0700 /* Debug */,
				37382B2025F83872002A0700 /* Release */,
			);
			defaultConfigurationIsVisible = 0;
			defaultConfigurationName = Release;
		};
		37382B2125F83872002A0700 /* Build configuration list for PBXNativeTarget "Password GeneratorTests" */ = {
			isa = XCConfigurationList;
			buildConfigurations = (
				37382B2225F83872002A0700 /* Debug */,
				37382B2325F83872002A0700 /* Release */,
			);
			defaultConfigurationIsVisible = 0;
			defaultConfigurationName = Release;
		};
		37382B2425F83872002A0700 /* Build configuration list for PBXNativeTarget "Password GeneratorUITests" */ = {
			isa = XCConfigurationList;
			buildConfigurations = (
				37382B2525F83872002A0700 /* Debug */,
				37382B2625F83872002A0700 /* Release */,
			);
			defaultConfigurationIsVisible = 0;
			defaultConfigurationName = Release;
		};
/* End XCConfigurationList section */
	};
	rootObject = 37382AEC25F83870002A0700 /* Project object */;
}
